Microsoft Visual Studio Solution File, Format Version 12.00
# Visual Studio Version 17
VisualStudioVersion = 17.5.2.0
MinimumVisualStudioVersion = 10.0.40219.1
Project("{FAE04EC0-301F-11D3-BF4B-00C04F79EFBC}") = "TuwaiqAsyncImgFilter", "TuwaiqAsyncImgFilter.csproj", "{31B62EBB-519E-3CAA-384E-39D1F9F276F4}"
EndProject
Global
	GlobalSection(SolutionConfigurationPlatforms) = preSolution
		Debug|Any CPU = Debug|Any CPU
		Release|Any CPU = Release|Any CPU
	EndGlobalSection
	GlobalSection(ProjectConfigurationPlatforms) = postSolution
		{31B62EBB-519E-3CAA-384E-39D1F9F276F4}.Debug|Any CPU.ActiveCfg = Debug|Any CPU
		{31B62EBB-519E-3CAA-384E-39D1F9F276F4}.Debug|Any CPU.Build.0 = Debug|Any CPU
		{31B62EBB-519E-3CAA-384E-39D1F9F276F4}.Release|Any CPU.ActiveCfg = Release|Any CPU
		{31B62EBB-519E-3CAA-384E-39D1F9F276F4}.Release|Any CPU.Build.0 = Release|Any CPU
	EndGlobalSection
	GlobalSection(SolutionProperties) = preSolution
		HideSolutionNode = FALSE
	EndGlobalSection
	GlobalSection(ExtensibilityGlobals) = postSolution
		SolutionGuid = {671D82D6-D370-48AF-8EBD-B3C949F65BEC}
	EndGlobalSection
EndGlobal
